NeoBundleLock CSApprox a2958096696f9132ef0ece44b3fab93dac6df8d0
NeoBundleLock HTML-AutoCloseTag c2f6f59cf5c08dd487ef361f93ba09317a840e25
NeoBundleLock c.vim 69f0368c7d8dac196bd94ddfa80d98b1cedc7eb0
NeoBundleLock ctrlp.vim 5f317f0285c279ca77acea37e9e746111a0ecfe2
NeoBundleLock elixir-snippets 1bc7619f9cb87ab8472ce32437b4cb00888581c8
NeoBundleLock emmet-vim 57a5263d1d5beb3a35bf5ea27821bdd056d08c09
NeoBundleLock grep.vim 852ddb0c6590bbc41c508d7f5d2fc17112492def
NeoBundleLock indentLine 300c719b3e0348a65457109386ded3f32f7cd319
NeoBundleLock jedi-vim dc9688602c2da73f25e49c3dd447c03f0c0f08d5
NeoBundleLock molokai db8ce13b3737d3ddea8368498183d7c204a762eb
NeoBundleLock neobundle.vim 108ce2c80e0af6898f967f4df7ff189368351ff6
NeoBundleLock nerdtree bcf3de4fdffae45fc7c85b6b84a01b37177924aa
NeoBundleLock syntastic bfc55793ef60ef80055b745fa037bb58f288d3b1
NeoBundleLock tagbar 7b36c46d17d57db34fdb0adac9ba6382d0bb5e66
NeoBundleLock ultisnips 7c74aa76860f3b505082d4e9772f1dd03072bfb8
NeoBundleLock vim-airline cdc6d98a09db60d3dda58815616f78338cbdaa9d
NeoBundleLock vim-bootstrap-updater 83f1e75acb63ef72f987c0fb72a9dcb3b3d76168
NeoBundleLock vim-clojure-highlight 9ac6cb8fef04b2c243377adb671324a60952aee0
NeoBundleLock vim-clojure-static f1c53e290b16885c2eb3fc96e57d9984b627f735
NeoBundleLock vim-coloresque 0c21b1469993e610600e88e734ffe90b9c10a514
NeoBundleLock vim-commentary 7fb632aab475b1d2560fe18a329742ba3b4725c6
NeoBundleLock vim-css3-syntax 551475e48af9452729c291245f493c22dcc3a10e
NeoBundleLock vim-elixir f2c747da5edd92c8430b9f1fdfe117467cf1551e
NeoBundleLock vim-fireplace b3b54b87159e110a67f4dd6a97c5581f4cfb4a9f
NeoBundleLock vim-fugitive b319b694539017dcd789dc2c42f784a30d7b28b8
NeoBundleLock vim-gitgutter fe10e6474d70c382edcda84dc6bcd6fcd575a6c5
NeoBundleLock vim-go b5b6855a43e389eccefec1b52aa3f7f2a04bdeb2
NeoBundleLock vim-haml 204e32721154766e03e99ff857bc798aa5b741dc
NeoBundleLock vim-misc 3e6b8fb6f03f13434543ce1f5d24f6a5d3f34f0b
NeoBundleLock vim-polyglot 67fcbd2a8632d5ab7895e34acb084117e5d0ea17
NeoBundleLock vim-projectionist 372d529d22ac6d2952472438157ee03b7a3fd8ae
NeoBundleLock vim-rails 50cd46321ffd07ef5a1eb29c5b9ce2ee7bfe2969
NeoBundleLock vim-rake 82ad45543f0d13dfa7d3f59ca4cd54d0e145417f
NeoBundleLock vim-rspec 2cf8c5002cb89eb8e9aabe59d25b89dc5afec88a
NeoBundleLock vim-session 060dea430d2626f8a1e4e65e9565ab173bc319b3
NeoBundleLock vim-snippets af3c2d3f66a6c7bf200f671ee76efdbad33ce69f
NeoBundleLock vim-trailing-whitespace 478b217d299b6f5938b43a4929d6bb0907cc3a56
NeoBundleLock vimproc.vim 0555aecded8737435747e903efc4b6f3241cc62c
NeoBundleLock vimshell.vim adb2a0d95e9b0009d152c35c930eb04875562d87
