NeoBundleLock YouCompleteMe 295769ccfd304246c1fae847416a2a15771f7d98
NeoBundleLock c.vim 69f0368c7d8dac196bd94ddfa80d98b1cedc7eb0
NeoBundleLock ctrlp.vim f2effdc86abf172d6562ec589fa1aa2c8f136a08
NeoBundleLock matchindent.vim 719c746f6d17ad6cbb3fc5ec073fd8459a75264f
NeoBundleLock neobundle.vim 9a69b56f24f31cc4e4592f44f03d2fdb8dea92b3
NeoBundleLock neosnippet-snippets c35446a74d3a5c11838a96b9f2e3673e56ced384
NeoBundleLock neosnippet.vim 48689a972d41256b423aa635dff689868a48e5bd
NeoBundleLock nerdtree a87b1bf3c566c3f80090996a2a2a1201318478a8
NeoBundleLock vim-coffee-script 0d2bd483283346629cb8e34822114276792f4fa9
NeoBundleLock vim-colorschemes 81c6dd7ce3169e5ad9ba92422ba6e1ce5b074e36
NeoBundleLock vim-cpp-enhanced-highlight 35a8a229f5d8b2b4547c38cd78b90dc30bbb90c2
NeoBundleLock vim-endwise bba43b831ae0485cf9b86d16340a6a314b927391
NeoBundleLock vim-fugitive 4cc201cbe3a0c3faa4cde1b82ba941d410e5e81c
NeoBundleLock vim-haml 204e32721154766e03e99ff857bc798aa5b741dc
NeoBundleLock vim-rails e537c71b5fbf5e7ee54c811d849fd59eecbe5b97
NeoBundleLock vim-ruby ef2deeae81f540a17a3da5907146b3579c8ee0d6
NeoBundleLock vim-slim 0daaa8581f9a9968cebbc7d14ae9acf1625c0389
NeoBundleLock vimshell 3787e52766812d8b99a93ccdda57517bc2a0bab6
